// !$*UTF8*$!
{
	archiveVersion = 1;
	classes = {
	};
	objectVersion = 46;
	objects = {

/* Begin PBXBuildFile section */
		AD0917391CC4FAAD0058E92D /* AppDelegate.swift in Sources */ = {isa = PBXBuildFile; fileRef = AD0917381CC4FAAD0058E92D /* AppDelegate.swift */; };
		AD09173B1CC4FAAD0058E92D /* MasterViewController.swift in Sources */ = {isa = PBXBuildFile; fileRef = AD09173A1CC4FAAD0058E92D /* MasterViewController.swift */; };
		AD09173D1CC4FAAD0058E92D /* DetailViewController.swift in Sources */ = {isa = PBXBuildFile; fileRef = AD09173C1CC4FAAD0058E92D /* DetailViewController.swift */; };
		AD0917401CC4FAAD0058E92D /* Main.storyboard in Resources */ = {isa = PBXBuildFile; fileRef = AD09173E1CC4FAAD0058E92D /* Main.storyboard */; };
		AD0917421CC4FAAD0058E92D /* Assets.xcassets in Resources */ = {isa = PBXBuildFile; fileRef = AD0917411CC4FAAD0058E92D /* Assets.xcassets */; };
		AD0917451CC4FAAD0058E92D /* LaunchScreen.storyboard in Resources */ = {isa = PBXBuildFile; fileRef = AD0917431CC4FAAD0058E92D /* LaunchScreen.storyboard */; };
/* End PBXBuildFile section */

/* Begin PBXFileReference section */
		AD0917351CC4FAAD0058E92D /* TestChild.app */ = {isa = PBXFileReference; explicitFileType = wrapper.application; includeInIndex = 0; path = TestChild.app; sourceTree = BUILT_PRODUCTS_DIR; };
		AD0917381CC4FAAD0058E92D /* AppDelegate.swift */ = {isa = PBXFileReference; lastKnownFileType = sourcecode.swift; path = AppDelegate.swift; sourceTree = "<group>"; };
		AD09173A1CC4FAAD0058E92D /* MasterViewController.swift */ = {isa = PBXFileReference; lastKnownFileType = sourcecode.swift; path = MasterViewController.swift; sourceTree = "<group>"; };
		AD09173C1CC4FAAD0058E92D /* DetailViewController.swift */ = {isa = PBXFileReference; lastKnownFileType = sourcecode.swift; path = DetailViewController.swift; sourceTree = "<group>"; };
		AD09173F1CC4FAAD0058E92D /* Base */ = {isa = PBXFileReference; lastKnownFileType = file.storyboard; name = Base; path = Base.lproj/Main.storyboard; sourceTree = "<group>"; };
		AD0917411CC4FAAD0058E92D /* Assets.xcassets */ = {isa = PBXFileReference; lastKnownFileType = folder.assetcatalog; path = Assets.xcassets; sourceTree = "<group>"; };
		AD0917441CC4FAAD0058E92D /* Base */ = {isa = PBXFileReference; lastKnownFileType = file.storyboard; name = Base; path = Base.lproj/LaunchScreen.storyboard; sourceTree = "<group>"; };
		AD0917461CC4FAAD0058E92D /* Info.plist */ = {isa = PBXFileReference; lastKnownFileType = text.plist.xml; path = Info.plist; sourceTree = "<group>"; };
/* End PBXFileReference section */

/* Begin PBXFrameworksBuildPhase section */
		AD0917321CC4FAAD0058E92D /* Frameworks */ = {
			isa = PBXFrameworksBuildPhase;
			buildActionMask = 2147483647;
			files = (
			);
			runOnlyForDeploymentPostprocessing = 0;
		};
/* End PBXFrameworksBuildPhase section */

/* Begin PBXGroup section */
		AD09172C1CC4FAAD0058E92D = {
			isa = PBXGroup;
			children = (
				AD0917371CC4FAAD0058E92D /* TestChild */,
				AD0917361CC4FAAD0058E92D /* Products */,
			);
			sourceTree = "<group>";
		};
		AD0917361CC4FAAD0058E92D /* Products */ = {
			isa = PBXGroup;
			children = (
				AD0917351CC4FAAD0058E92D /* TestChild.app */,
			);
			name = Products;
			sourceTree = "<group>";
		};
		AD0917371CC4FAAD0058E92D /* TestChild */ = {
			isa = PBXGroup;
			children = (
				AD0917381CC4FAAD0058E92D /* AppDelegate.swift */,
				AD09173A1CC4FAAD0058E92D /* MasterViewController.swift */,
				AD09173C1CC4FAAD0058E92D /* DetailViewController.swift */,
				AD09173E1CC4FAAD0058E92D /* Main.storyboard */,
				AD0917411CC4FAAD0058E92D /* Assets.xcassets */,
				AD0917431CC4FAAD0058E92D /* LaunchScreen.storyboard */,
				AD0917461CC4FAAD0058E92D /* Info.plist */,
			);
			path = TestChild;
			sourceTree = "<group>";
		};
/* End PBXGroup section */

/* Begin PBXNativeTarget section */
		AD0917341CC4FAAD0058E92D /* TestChild */ = {
			isa = PBXNativeTarget;
			buildConfigurationList = AD0917491CC4FAAD0058E92D /* Build configuration list for PBXNativeTarget "TestChild" */;
			buildPhases = (
				AD0917311CC4FAAD0058E92D /* Sources */,
				AD0917321CC4FAAD0058E92D /* Frameworks */,
				AD0917331CC4FAAD0058E92D /* Resources */,
			);
			buildRules = (
			);
			dependencies = (
			);
			name = TestChild;
			productName = TestChild;
			productReference = AD0917351CC4FAAD0058E92D /* TestChild.app */;
			productType = "com.apple.product-type.application";
		};
/* End PBXNativeTarget section */

/* Begin PBXProject section */
		AD09172D1CC4FAAD0058E92D /* Project object */ = {
			isa = PBXProject;
			attributes = {
				LastSwiftUpdateCheck = 0730;
				LastUpgradeCheck = 0730;
				ORGANIZATIONNAME = test;
				TargetAttributes = {
					AD0917341CC4FAAD0058E92D = {
						CreatedOnToolsVersion = 7.3;
						DevelopmentTeam = LX4FZF2897;
					};
				};
			};
			buildConfigurationList = AD0917301CC4FAAD0058E92D /* Build configuration list for PBXProject "TestChild" */;
			compatibilityVersion = "Xcode 3.2";
			developmentRegion = English;
			hasScannedForEncodings = 0;
			knownRegions = (
				en,
				Base,
			);
			mainGroup = AD09172C1CC4FAAD0058E92D;
			productRefGroup = AD0917361CC4FAAD0058E92D /* Products */;
			projectDirPath = "";
			projectRoot = "";
			targets = (
				AD0917341CC4FAAD0058E92D /* TestChild */,
			);
		};
/* End PBXProject section */

/* Begin PBXResourcesBuildPhase section */
		AD0917331CC4FAAD0058E92D /* Resources */ = {
			isa = PBXResourcesBuildPhase;
			buildActionMask = 2147483647;
			files = (
				AD0917451CC4FAAD0058E92D /* LaunchScreen.storyboard in Resources */,
				AD0917421CC4FAAD0058E92D /* Assets.xcassets in Resources */,
				AD0917401CC4FAAD0058E92D /* Main.storyboard in Resources */,
			);
			runOnlyForDeploymentPostprocessing = 0;
		};
/* End PBXResourcesBuildPhase section */

/* Begin PBXSourcesBuildPhase section */
		AD0917311CC4FAAD0058E92D /* Sources */ = {
			isa = PBXSourcesBuildPhase;
			buildActionMask = 2147483647;
			files = (
				AD09173D1CC4FAAD0058E92D /* DetailViewController.swift in Sources */,
				AD09173B1CC4FAAD0058E92D /* MasterViewController.swift in Sources */,
				AD0917391CC4FAAD0058E92D /* AppDelegate.swift in Sources */,
			);
			runOnlyForDeploymentPostprocessing = 0;
		};
/* End PBXSourcesBuildPhase section */

/* Begin PBXVariantGroup section */
		AD09173E1CC4FAAD0058E92D /* Main.storyboard */ = {
			isa = PBXVariantGroup;
			children = (
				AD09173F1CC4FAAD0058E92D /* Base */,
			);
			name = Main.storyboard;
			sourceTree = "<group>";
		};
		AD0917431CC4FAAD0058E92D /* LaunchScreen.storyboard */ = {
			isa = PBXVariantGroup;
			children = (
				AD0917441CC4FAAD0058E92D /* Base */,
			);
			name = LaunchScreen.storyboard;
			sourceTree = "<group>";
		};
/* End PBXVariantGroup section */

/* Begin XCBuildConfiguration section */
		AD0917471CC4FAAD0058E92D /* Debug */ = {
			isa = XCBuildConfiguration;
			buildSettings = {
				ALWAYS_SEARCH_USER_PATHS = NO;
				CLANG_ANALYZER_NONNULL = YES;
				CLANG_CXX_LANGUAGE_STANDARD = "gnu++0x";
				CLANG_CXX_LIBRARY = "libc++";
				CLANG_ENABLE_MODULES = YES;
				CLANG_ENABLE_OBJC_ARC = YES;
				CLANG_WARN_BOOL_CONVERSION = YES;
				CLANG_WARN_CONSTANT_CONVERSION = YES;
				CLANG_WARN_DIRECT_OBJC_ISA_USAGE = YES_ERROR;
				CLANG_WARN_EMPTY_BODY = YES;
				CLANG_WARN_ENUM_CONVERSION = YES;
				CLANG_WARN_INT_CONVERSION = YES;
				CLANG_WARN_OBJC_ROOT_CLASS = YES_ERROR;
				CLANG_WARN_UNREACHABLE_CODE = YES;
				CLANG_WARN__DUPLICATE_METHOD_MATCH = YES;
				"CODE_SIGN_IDENTITY[sdk=iphoneos*]" = "iPhone Developer";
				COPY_PHASE_STRIP = NO;
				DEBUG_INFORMATION_FORMAT = dwarf;
				ENABLE_STRICT_OBJC_MSGSEND = YES;
				ENABLE_TESTABILITY = YES;
				GCC_C_LANGUAGE_STANDARD = gnu99;
				GCC_DYNAMIC_NO_PIC = NO;
				GCC_NO_COMMON_BLOCKS = YES;
				GCC_OPTIMIZATION_LEVEL = 0;
				GCC_PREPROCESSOR_DEFINITIONS = (
					"DEBUG=1",
					"$(inherited)",
				);
				GCC_WARN_64_TO_32_BIT_CONVERSION = YES;
				GCC_WARN_ABOUT_RETURN_TYPE = YES_ERROR;
				GCC_WARN_UNDECLARED_SELECTOR = YES;
				GCC_WARN_UNINITIALIZED_AUTOS = YES_AGGRESSIVE;
				GCC_WARN_UNUSED_FUNCTION = YES;
				GCC_WARN_UNUSED_VARIABLE = YES;
				IPHONEOS_DEPLOYMENT_TARGET = 9.3;
				MTL_ENABLE_DEBUG_INFO = YES;
				ONLY_ACTIVE_ARCH = YES;
				SDKROOT = iphoneos;
				SWIFT_OPTIMIZATION_LEVEL = "-Onone";
				TARGETED_DEVICE_FAMILY = "1,2";
			};
			name = Debug;
		};
		AD0917481CC4FAAD0058E92D /* Release */ = {
			isa = XCBuildConfiguration;
			buildSettings = {
				ALWAYS_SEARCH_USER_PATHS = NO;
				CLANG_ANALYZER_NONNULL = YES;
				CLANG_CXX_LANGUAGE_STANDARD = "gnu++0x";
				CLANG_CXX_LIBRARY = "libc++";
				CLANG_ENABLE_MODULES = YES;
				CLANG_ENABLE_OBJC_ARC = YES;
				CLANG_WARN_BOOL_CONVERSION = YES;
				CLANG_WARN_CONSTANT_CONVERSION = YES;
				CLANG_WARN_DIRECT_OBJC_ISA_USAGE = YES_ERROR;
				CLANG_WARN_EMPTY_BODY = YES;
				CLANG_WARN_ENUM_CONVERSION = YES;
				CLANG_WARN_INT_CONVERSION = YES;
				CLANG_WARN_OBJC_ROOT_CLASS = YES_ERROR;
				CLANG_WARN_UNREACHABLE_CODE = YES;
				CLANG_WARN__DUPLICATE_METHOD_MATCH = YES;
				"CODE_SIGN_IDENTITY[sdk=iphoneos*]" = "iPhone Developer";
				COPY_PHASE_STRIP = NO;
				DEBUG_INFORMATION_FORMAT = "dwarf-with-dsym";
				ENABLE_NS_ASSERTIONS = NO;
				ENABLE_STRICT_OBJC_MSGSEND = YES;
				GCC_C_LANGUAGE_STANDARD = gnu99;
				GCC_NO_COMMON_BLOCKS = YES;
				GCC_WARN_64_TO_32_BIT_CONVERSION = YES;
				GCC_WARN_ABOUT_RETURN_TYPE = YES_ERROR;
				GCC_WARN_UNDECLARED_SELECTOR = YES;
				GCC_WARN_UNINITIALIZED_AUTOS = YES_AGGRESSIVE;
				GCC_WARN_UNUSED_FUNCTION = YES;
				GCC_WARN_UNUSED_VARIABLE = YES;
				IPHONEOS_DEPLOYMENT_TARGET = 9.3;
				MTL_ENABLE_DEBUG_INFO = NO;
				SDKROOT = iphoneos;
				TARGETED_DEVICE_FAMILY = "1,2";
				VALIDATE_PRODUCT = YES;
			};
			name = Release;
		};
		AD09174A1CC4FAAD0058E92D /* Debug */ = {
			isa = XCBuildConfiguration;
			buildSettings = {
				ASSETCATALOG_COMPILER_APPICON_NAME = AppIcon;
				CODE_SIGN_IDENTITY = "iPhone Developer";
				INFOPLIST_FILE = TestChild/Info.plist;
				LD_RUNPATH_SEARCH_PATHS = "$(inherited) @executable_path/Frameworks";
				PRODUCT_BUNDLE_IDENTIFIER = com.prytkov.sergej.TestChild;
				PRODUCT_NAME = "$(TARGET_NAME)";
			};
			name = Debug;
		};
		AD09174B1CC4FAAD0058E92D /* Release */ = {
			isa = XCBuildConfiguration;
			buildSettings = {
				ASSETCATALOG_COMPILER_APPICON_NAME = AppIcon;
				CODE_SIGN_IDENTITY = "iPhone Developer";
				INFOPLIST_FILE = TestChild/Info.plist;
				LD_RUNPATH_SEARCH_PATHS = "$(inherited) @executable_path/Frameworks";
				PRODUCT_BUNDLE_IDENTIFIER = com.prytkov.sergej.TestChild;
				PRODUCT_NAME = "$(TARGET_NAME)";
			};
			name = Release;
		};
/* End XCBuildConfiguration section */

/* Begin XCConfigurationList section */
		AD0917301CC4FAAD0058E92D /* Build configuration list for PBXProject "TestChild" */ = {
			isa = XCConfigurationList;
			buildConfigurations = (
				AD0917471CC4FAAD0058E92D /* Debug */,
				AD0917481CC4FAAD0058E92D /* Release */,
			);
			defaultConfigurationIsVisible = 0;
			defaultConfigurationName = Release;
		};
		AD0917491CC4FAAD0058E92D /* Build configuration list for PBXNativeTarget "TestChild" */ = {
			isa = XCConfigurationList;
			buildConfigurations = (
				AD09174A1CC4FAAD0058E92D /* Debug */,
				AD09174B1CC4FAAD0058E92D /* Release */,
			);
			defaultConfigurationIsVisible = 0;
		};
/* End XCConfigurationList section */
	};
	rootObject = AD09172D1CC4FAAD0058E92D /* Project object */;
}
